# This file was autogenerated by Stack.
# You should not edit this file by hand.
# For more information, please see the documentation at:
#   https://docs.haskellstack.org/en/stable/lock_files

packages: []
snapshots:
- completed:
    size: 535260
    url: https://raw.githubusercontent.com/commercialhaskell/stackage-snapshots/master/lts/9/9.yaml
    sha256: 19713287614a8a7567eae3ab5da11fde0ff68ff0e0ab49fc42ce582a00b7ad73
  original: lts-9.9
